
Microsoft Visual Studio Solution File, Format Version 12.00
# Visual Studio Version 17
VisualStudioVersion = 17.9.34728.123
MinimumVisualStudioVersion = 10.0.40219.1
Project("{9A19103F-16F7-4668-BE54-9A1E7A4F7556}") = "RecallIQ.Core", "RecallIQ.Core\RecallIQ.Core.csproj", "{A1B2C3D4-1111-2222-3333-444455556666}"
EndProject
Project("{9A19103F-16F7-4668-BE54-9A1E7A4F7556}") = "RecallIQ.Storage", "RecallIQ.Storage\RecallIQ.Storage.csproj", "{A1B2C3D4-1111-2222-3333-444455557777}"
EndProject
Project("{9A19103F-16F7-4668-BE54-9A1E7A4F7556}") = "RecallIQ.AI", "RecallIQ.AI\RecallIQ.AI.csproj", "{A1B2C3D4-1111-2222-3333-444455558888}"
EndProject
Project("{9A19103F-16F7-4668-BE54-9A1E7A4F7556}") = "RecallIQ.Indexing", "RecallIQ.Indexing\RecallIQ.Indexing.csproj", "{A1B2C3D4-1111-2222-3333-444455559999}"
EndProject
Project("{9A19103F-16F7-4668-BE54-9A1E7A4F7556}") = "RecallIQ.Search", "RecallIQ.Search\RecallIQ.Search.csproj", "{A1B2C3D4-1111-2222-3333-44445555AAAA}"
EndProject
Project("{9A19103F-16F7-4668-BE54-9A1E7A4F7556}") = "RecallIQ.UI", "RecallIQ.UI\RecallIQ.UI.csproj", "{A1B2C3D4-1111-2222-3333-44445555BBBB}"
EndProject
Project("{9A19103F-16F7-4668-BE54-9A1E7A4F7556}") = "RecallIQ.Tests", "RecallIQ.Tests\RecallIQ.Tests.csproj", "{A1B2C3D4-1111-2222-3333-44445555CCCC}"
EndProject
Global
	GlobalSection(SolutionConfigurationPlatforms) = preSolution
		Debug|x64 = Debug|x64
		Release|x64 = Release|x64
	EndGlobalSection
	GlobalSection(ProjectConfigurationPlatforms) = postSolution
		{A1B2C3D4-1111-2222-3333-444455556666}.Debug|x64.ActiveCfg = Debug|x64
		{A1B2C3D4-1111-2222-3333-444455556666}.Debug|x64.Build.0 = Debug|x64
		{A1B2C3D4-1111-2222-3333-444455556666}.Release|x64.ActiveCfg = Release|x64
		{A1B2C3D4-1111-2222-3333-444455556666}.Release|x64.Build.0 = Release|x64
		{A1B2C3D4-1111-2222-3333-444455557777}.Debug|x64.ActiveCfg = Debug|x64
		{A1B2C3D4-1111-2222-3333-444455557777}.Debug|x64.Build.0 = Debug|x64
		{A1B2C3D4-1111-2222-3333-444455557777}.Release|x64.ActiveCfg = Release|x64
		{A1B2C3D4-1111-2222-3333-444455557777}.Release|x64.Build.0 = Release|x64
		{A1B2C3D4-1111-2222-3333-444455558888}.Debug|x64.ActiveCfg = Debug|x64
		{A1B2C3D4-1111-2222-3333-444455558888}.Debug|x64.Build.0 = Debug|x64
		{A1B2C3D4-1111-2222-3333-444455558888}.Release|x64.ActiveCfg = Release|x64
		{A1B2C3D4-1111-2222-3333-444455558888}.Release|x64.Build.0 = Release|x64
		{A1B2C3D4-1111-2222-3333-444455559999}.Debug|x64.ActiveCfg = Debug|x64
		{A1B2C3D4-1111-2222-3333-444455559999}.Debug|x64.Build.0 = Debug|x64
		{A1B2C3D4-1111-2222-3333-444455559999}.Release|x64.ActiveCfg = Release|x64
		{A1B2C3D4-1111-2222-3333-444455559999}.Release|x64.Build.0 = Release|x64
		{A1B2C3D4-1111-2222-3333-44445555AAAA}.Debug|x64.ActiveCfg = Debug|x64
		{A1B2C3D4-1111-2222-3333-44445555AAAA}.Debug|x64.Build.0 = Debug|x64
		{A1B2C3D4-1111-2222-3333-44445555AAAA}.Release|x64.ActiveCfg = Release|x64
		{A1B2C3D4-1111-2222-3333-44445555AAAA}.Release|x64.Build.0 = Release|x64
		{A1B2C3D4-1111-2222-3333-44445555BBBB}.Debug|x64.ActiveCfg = Debug|x64
		{A1B2C3D4-1111-2222-3333-44445555BBBB}.Debug|x64.Build.0 = Debug|x64
		{A1B2C3D4-1111-2222-3333-44445555BBBB}.Release|x64.ActiveCfg = Release|x64
		{A1B2C3D4-1111-2222-3333-44445555BBBB}.Release|x64.Build.0 = Release|x64
		{A1B2C3D4-1111-2222-3333-44445555CCCC}.Debug|x64.ActiveCfg = Debug|x64
		{A1B2C3D4-1111-2222-3333-44445555CCCC}.Debug|x64.Build.0 = Debug|x64
		{A1B2C3D4-1111-2222-3333-44445555CCCC}.Release|x64.ActiveCfg = Release|x64
		{A1B2C3D4-1111-2222-3333-44445555CCCC}.Release|x64.Build.0 = Release|x64
	EndGlobalSection
EndGlobal
